// !$*UTF8*$!
{
	archiveVersion = 1;
	classes = {
	};
	objectVersion = 48;
	objects = {

/* Begin PBXBuildFile section */
		79A522A0204BF05F00F49FD9 /* EpisodeTests.swift in Sources */ = {isa = PBXBuildFile; fileRef = 79A5229F204BF05F00F49FD9 /* EpisodeTests.swift */; };
		79A522A2204BF09500F49FD9 /* SeasonsTests.swift in Sources */ = {isa = PBXBuildFile; fileRef = 79A522A1204BF09500F49FD9 /* SeasonsTests.swift */; };
		79A522A5204BF81600F49FD9 /* EpisodeListViewController.swift in Sources */ = {isa = PBXBuildFile; fileRef = 79A522A3204BF81600F49FD9 /* EpisodeListViewController.swift */; };
		79A522A6204BF81600F49FD9 /* EpisodeListViewController.xib in Resources */ = {isa = PBXBuildFile; fileRef = 79A522A4204BF81600F49FD9 /* EpisodeListViewController.xib */; };
		79A522A9204BF88500F49FD9 /* SeasonDetailViewController.swift in Sources */ = {isa = PBXBuildFile; fileRef = 79A522A7204BF88500F49FD9 /* SeasonDetailViewController.swift */; };
		79A522AA204BF88500F49FD9 /* SeasonDetailViewController.xib in Resources */ = {isa = PBXBuildFile; fileRef = 79A522A8204BF88500F49FD9 /* SeasonDetailViewController.xib */; };
		79A522AD204BF90500F49FD9 /* EpisodeDetailViewController.swift in Sources */ = {isa = PBXBuildFile; fileRef = 79A522AB204BF90500F49FD9 /* EpisodeDetailViewController.swift */; };
		79A522AE204BF90500F49FD9 /* EpisodeDetailViewController.xib in Resources */ = {isa = PBXBuildFile; fileRef = 79A522AC204BF90500F49FD9 /* EpisodeDetailViewController.xib */; };
		79A522B0204BF9DB00F49FD9 /* RepositorySeasonsTest.swift in Sources */ = {isa = PBXBuildFile; fileRef = 79A522AF204BF9DB00F49FD9 /* RepositorySeasonsTest.swift */; };
		79AE8AFA203238BC00DB8ECE /* codeIsComing.png in Resources */ = {isa = PBXBuildFile; fileRef = 79AE8AF7203238BC00DB8ECE /* codeIsComing.png */; };
		79AE8AFB203238BC00DB8ECE /* targaryenSmall.jpg in Resources */ = {isa = PBXBuildFile; fileRef = 79AE8AF8203238BC00DB8ECE /* targaryenSmall.jpg */; };
		79AE8AFC203238BC00DB8ECE /* lannister.jpg in Resources */ = {isa = PBXBuildFile; fileRef = 79AE8AF9203238BC00DB8ECE /* lannister.jpg */; };
		79AE8B0020323A8900DB8ECE /* HouseDetailViewController.swift in Sources */ = {isa = PBXBuildFile; fileRef = 79AE8AFE20323A8900DB8ECE /* HouseDetailViewController.swift */; };
		79AE8B0120323A8900DB8ECE /* HouseDetailViewController.xib in Resources */ = {isa = PBXBuildFile; fileRef = 79AE8AFF20323A8900DB8ECE /* HouseDetailViewController.xib */; };
		79AF28AE20362B9100E1BDB2 /* WikiViewController.swift in Sources */ = {isa = PBXBuildFile; fileRef = 79AF28AC20362B9100E1BDB2 /* WikiViewController.swift */; };
		79AF28AF20362B9100E1BDB2 /* WikiViewController.xib in Resources */ = {isa = PBXBuildFile; fileRef = 79AF28AD20362B9100E1BDB2 /* WikiViewController.xib */; };
		79AF28B62036456100E1BDB2 /* HouseViewListController.swift in Sources */ = {isa = PBXBuildFile; fileRef = 79AF28B42036456100E1BDB2 /* HouseViewListController.swift */; };
		79AF28B72036456100E1BDB2 /* HouseViewListController.xib in Resources */ = {isa = PBXBuildFile; fileRef = 79AF28B52036456100E1BDB2 /* HouseViewListController.xib */; };
		79C5856120337C9500838B0F /* UIViewController+Additions.swift in Sources */ = {isa = PBXBuildFile; fileRef = 79C5856020337C9500838B0F /* UIViewController+Additions.swift */; };
		79C585632033808400838B0F /* RepositoryTests.swift in Sources */ = {isa = PBXBuildFile; fileRef = 79C585622033808400838B0F /* RepositoryTests.swift */; };
		79C585652033819000838B0F /* Repository.swift in Sources */ = {isa = PBXBuildFile; fileRef = 79C585642033819000838B0F /* Repository.swift */; };
		79EA6AD6203B68C500C662C9 /* MemberListViewController.swift in Sources */ = {isa = PBXBuildFile; fileRef = 79EA6AD4203B68C500C662C9 /* MemberListViewController.swift */; };
		79EA6AD7203B68C500C662C9 /* MemberListViewController.xib in Resources */ = {isa = PBXBuildFile; fileRef = 79EA6AD5203B68C500C662C9 /* MemberListViewController.xib */; };
		79ED267D202CE4B90041AD1E /* AppDelegate.swift in Sources */ = {isa = PBXBuildFile; fileRef = 79ED267C202CE4B90041AD1E /* AppDelegate.swift */; };
		79ED2684202CE4B90041AD1E /* Assets.xcassets in Resources */ = {isa = PBXBuildFile; fileRef = 79ED2683202CE4B90041AD1E /* Assets.xcassets */; };
		79ED2687202CE4B90041AD1E /* LaunchScreen.storyboard in Resources */ = {isa = PBXBuildFile; fileRef = 79ED2685202CE4B90041AD1E /* LaunchScreen.storyboard */; };
		79ED269D202CF00B0041AD1E /* HouseTests.swift in Sources */ = {isa = PBXBuildFile; fileRef = 79ED269C202CF00B0041AD1E /* HouseTests.swift */; };
		79ED269F202CF1C20041AD1E /* House.swift in Sources */ = {isa = PBXBuildFile; fileRef = 79ED269E202CF1C20041AD1E /* House.swift */; };
		79ED26A1202CFD860041AD1E /* PersonTests.swift in Sources */ = {isa = PBXBuildFile; fileRef = 79ED26A0202CFD860041AD1E /* PersonTests.swift */; };
		79ED26A3202CFDF50041AD1E /* Person.swift in Sources */ = {isa = PBXBuildFile; fileRef = 79ED26A2202CFDF50041AD1E /* Person.swift */; };
		79FA0BDA204B1439002EDB2C /* Seasons.swift in Sources */ = {isa = PBXBuildFile; fileRef = 79FA0BD9204B1439002EDB2C /* Seasons.swift */; };
		79FA0BDC204B1527002EDB2C /* Episode.swift in Sources */ = {isa = PBXBuildFile; fileRef = 79FA0BDB204B1527002EDB2C /* Episode.swift */; };
		79FA0BDE204B336B002EDB2C /* RepositorySeasons.swift in Sources */ = {isa = PBXBuildFile; fileRef = 79FA0BDD204B336B002EDB2C /* RepositorySeasons.swift */; };
		79FA0BE1204B5F4F002EDB2C /* SeasonListViewController.swift in Sources */ = {isa = PBXBuildFile; fileRef = 79FA0BDF204B5F4F002EDB2C /* SeasonListViewController.swift */; };
		79FA0BE2204B5F4F002EDB2C /* SeasonListViewController.xib in Resources */ = {isa = PBXBuildFile; fileRef = 79FA0BE0204B5F4F002EDB2C /* SeasonListViewController.xib */; };
/* End PBXBuildFile section */

/* Begin PBXContainerItemProxy section */
		79ED268E202CE4B90041AD1E /* PBXContainerItemProxy */ = {
			isa = PBXContainerItemProxy;
			containerPortal = 79ED2671202CE4B90041AD1E /* Project object */;
			proxyType = 1;
			remoteGlobalIDString = 79ED2678202CE4B90041AD1E;
			remoteInfo = Westeros;
		};
/* End PBXContainerItemProxy section */

/* Begin PBXFileReference section */
		79A5229F204BF05F00F49FD9 /* EpisodeTests.swift */ = {isa = PBXFileReference; lastKnownFileType = sourcecode.swift; path = EpisodeTests.swift; sourceTree = "<group>"; };
		79A522A1204BF09500F49FD9 /* SeasonsTests.swift */ = {isa = PBXFileReference; lastKnownFileType = sourcecode.swift; path = SeasonsTests.swift; sourceTree = "<group>"; };
		79A522A3204BF81600F49FD9 /* EpisodeListViewController.swift */ = {isa = PBXFileReference; lastKnownFileType = sourcecode.swift; path = EpisodeListViewController.swift; sourceTree = "<group>"; };
		79A522A4204BF81600F49FD9 /* EpisodeListViewController.xib */ = {isa = PBXFileReference; lastKnownFileType = file.xib; path = EpisodeListViewController.xib; sourceTree = "<group>"; };
		79A522A7204BF88500F49FD9 /* SeasonDetailViewController.swift */ = {isa = PBXFileReference; lastKnownFileType = sourcecode.swift; path = SeasonDetailViewController.swift; sourceTree = "<group>"; };
		79A522A8204BF88500F49FD9 /* SeasonDetailViewController.xib */ = {isa = PBXFileReference; lastKnownFileType = file.xib; path = SeasonDetailViewController.xib; sourceTree = "<group>"; };
		79A522AB204BF90500F49FD9 /* EpisodeDetailViewController.swift */ = {isa = PBXFileReference; lastKnownFileType = sourcecode.swift; path = EpisodeDetailViewController.swift; sourceTree = "<group>"; };
		79A522AC204BF90500F49FD9 /* EpisodeDetailViewController.xib */ = {isa = PBXFileReference; lastKnownFileType = file.xib; path = EpisodeDetailViewController.xib; sourceTree = "<group>"; };
		79A522AF204BF9DB00F49FD9 /* RepositorySeasonsTest.swift */ = {isa = PBXFileReference; lastKnownFileType = sourcecode.swift; path = RepositorySeasonsTest.swift; sourceTree = "<group>"; };
		79AE8AF7203238BC00DB8ECE /* codeIsComing.png */ = {isa = PBXFileReference; lastKnownFileType = image.png; path = codeIsComing.png; sourceTree = "<group>"; };
		79AE8AF8203238BC00DB8ECE /* targaryenSmall.jpg */ = {isa = PBXFileReference; lastKnownFileType = image.jpeg; path = targaryenSmall.jpg; sourceTree = "<group>"; };
		79AE8AF9203238BC00DB8ECE /* lannister.jpg */ = {isa = PBXFileReference; lastKnownFileType = image.jpeg; path = lannister.jpg; sourceTree = "<group>"; };
		79AE8AFE20323A8900DB8ECE /* HouseDetailViewController.swift */ = {isa = PBXFileReference; lastKnownFileType = sourcecode.swift; path = HouseDetailViewController.swift; sourceTree = "<group>"; };
		79AE8AFF20323A8900DB8ECE /* HouseDetailViewController.xib */ = {isa = PBXFileReference; lastKnownFileType = file.xib; path = HouseDetailViewController.xib; sourceTree = "<group>"; };
		79AF28AC20362B9100E1BDB2 /* WikiViewController.swift */ = {isa = PBXFileReference; lastKnownFileType = sourcecode.swift; path = WikiViewController.swift; sourceTree = "<group>"; };
		79AF28AD20362B9100E1BDB2 /* WikiViewController.xib */ = {isa = PBXFileReference; lastKnownFileType = file.xib; path = WikiViewController.xib; sourceTree = "<group>"; };
		79AF28B42036456100E1BDB2 /* HouseViewListController.swift */ = {isa = PBXFileReference; lastKnownFileType = sourcecode.swift; path = HouseViewListController.swift; sourceTree = "<group>"; };
		79AF28B52036456100E1BDB2 /* HouseViewListController.xib */ = {isa = PBXFileReference; lastKnownFileType = file.xib; path = HouseViewListController.xib; sourceTree = "<group>"; };
		79C5856020337C9500838B0F /* UIViewController+Additions.swift */ = {isa = PBXFileReference; lastKnownFileType = sourcecode.swift; path = "UIViewController+Additions.swift"; sourceTree = "<group>"; };
		79C585622033808400838B0F /* RepositoryTests.swift */ = {isa = PBXFileReference; lastKnownFileType = sourcecode.swift; path = RepositoryTests.swift; sourceTree = "<group>"; };
		79C585642033819000838B0F /* Repository.swift */ = {isa = PBXFileReference; lastKnownFileType = sourcecode.swift; path = Repository.swift; sourceTree = "<group>"; };
		79EA6AD4203B68C500C662C9 /* MemberListViewController.swift */ = {isa = PBXFileReference; lastKnownFileType = sourcecode.swift; path = MemberListViewController.swift; sourceTree = "<group>"; };
		79EA6AD5203B68C500C662C9 /* MemberListViewController.xib */ = {isa = PBXFileReference; lastKnownFileType = file.xib; path = MemberListViewController.xib; sourceTree = "<group>"; };
		79ED2679202CE4B90041AD1E /* Westeros.app */ = {isa = PBXFileReference; explicitFileType = wrapper.application; includeInIndex = 0; path = Westeros.app; sourceTree = BUILT_PRODUCTS_DIR; };
		79ED267C202CE4B90041AD1E /* AppDelegate.swift */ = {isa = PBXFileReference; lastKnownFileType = sourcecode.swift; path = AppDelegate.swift; sourceTree = "<group>"; };
		79ED2683202CE4B90041AD1E /* Assets.xcassets */ = {isa = PBXFileReference; lastKnownFileType = folder.assetcatalog; path = Assets.xcassets; sourceTree = "<group>"; };
		79ED2686202CE4B90041AD1E /* Base */ = {isa = PBXFileReference; lastKnownFileType = file.storyboard; name = Base; path = Base.lproj/LaunchScreen.storyboard; sourceTree = "<group>"; };
		79ED2688202CE4B90041AD1E /* Info.plist */ = {isa = PBXFileReference; lastKnownFileType = text.plist.xml; path = Info.plist; sourceTree = "<group>"; };
		79ED268D202CE4B90041AD1E /* WesterosTests.xctest */ = {isa = PBXFileReference; explicitFileType = wrapper.cfbundle; includeInIndex = 0; path = WesterosTests.xctest; sourceTree = BUILT_PRODUCTS_DIR; };
		79ED2693202CE4B90041AD1E /* Info.plist */ = {isa = PBXFileReference; lastKnownFileType = text.plist.xml; path = Info.plist; sourceTree = "<group>"; };
		79ED269C202CF00B0041AD1E /* HouseTests.swift */ = {isa = PBXFileReference; lastKnownFileType = sourcecode.swift; path = HouseTests.swift; sourceTree = "<group>"; };
		79ED269E202CF1C20041AD1E /* House.swift */ = {isa = PBXFileReference; lastKnownFileType = sourcecode.swift; path = House.swift; sourceTree = "<group>"; };
		79ED26A0202CFD860041AD1E /* PersonTests.swift */ = {isa = PBXFileReference; lastKnownFileType = sourcecode.swift; path = PersonTests.swift; sourceTree = "<group>"; };
		79ED26A2202CFDF50041AD1E /* Person.swift */ = {isa = PBXFileReference; lastKnownFileType = sourcecode.swift; path = Person.swift; sourceTree = "<group>"; };
		79FA0BD9204B1439002EDB2C /* Seasons.swift */ = {isa = PBXFileReference; lastKnownFileType = sourcecode.swift; path = Seasons.swift; sourceTree = "<group>"; };
		79FA0BDB204B1527002EDB2C /* Episode.swift */ = {isa = PBXFileReference; lastKnownFileType = sourcecode.swift; path = Episode.swift; sourceTree = "<group>"; };
		79FA0BDD204B336B002EDB2C /* RepositorySeasons.swift */ = {isa = PBXFileReference; lastKnownFileType = sourcecode.swift; path = RepositorySeasons.swift; sourceTree = "<group>"; };
		79FA0BDF204B5F4F002EDB2C /* SeasonListViewController.swift */ = {isa = PBXFileReference; lastKnownFileType = sourcecode.swift; path = SeasonListViewController.swift; sourceTree = "<group>"; };
		79FA0BE0204B5F4F002EDB2C /* SeasonListViewController.xib */ = {isa = PBXFileReference; lastKnownFileType = file.xib; path = SeasonListViewController.xib; sourceTree = "<group>"; };
/* End PBXFileReference section */

/* Begin PBXFrameworksBuildPhase section */
		79ED2676202CE4B90041AD1E /* Frameworks */ = {
			isa = PBXFrameworksBuildPhase;
			buildActionMask = 2147483647;
			files = (
			);
			runOnlyForDeploymentPostprocessing = 0;
		};
		79ED268A202CE4B90041AD1E /* Frameworks */ = {
			isa = PBXFrameworksBuildPhase;
			buildActionMask = 2147483647;
			files = (
			);
			runOnlyForDeploymentPostprocessing = 0;
		};
/* End PBXFrameworksBuildPhase section */

/* Begin PBXGroup section */
		79AE8AFD2032392200DB8ECE /* Assets */ = {
			isa = PBXGroup;
			children = (
				79AE8AF7203238BC00DB8ECE /* codeIsComing.png */,
				79AE8AF9203238BC00DB8ECE /* lannister.jpg */,
				79AE8AF8203238BC00DB8ECE /* targaryenSmall.jpg */,
			);
			path = Assets;
			sourceTree = "<group>";
		};
		79AE8B0220323AB100DB8ECE /* Controllers */ = {
			isa = PBXGroup;
			children = (
				79AE8AFE20323A8900DB8ECE /* HouseDetailViewController.swift */,
				79AE8AFF20323A8900DB8ECE /* HouseDetailViewController.xib */,
				79AF28AC20362B9100E1BDB2 /* WikiViewController.swift */,
				79AF28AD20362B9100E1BDB2 /* WikiViewController.xib */,
				79AF28B42036456100E1BDB2 /* HouseViewListController.swift */,
				79AF28B52036456100E1BDB2 /* HouseViewListController.xib */,
				79EA6AD4203B68C500C662C9 /* MemberListViewController.swift */,
				79EA6AD5203B68C500C662C9 /* MemberListViewController.xib */,
				79FA0BDF204B5F4F002EDB2C /* SeasonListViewController.swift */,
				79FA0BE0204B5F4F002EDB2C /* SeasonListViewController.xib */,
				79A522A3204BF81600F49FD9 /* EpisodeListViewController.swift */,
				79A522A4204BF81600F49FD9 /* EpisodeListViewController.xib */,
				79A522A7204BF88500F49FD9 /* SeasonDetailViewController.swift */,
				79A522A8204BF88500F49FD9 /* SeasonDetailViewController.xib */,
				79A522AB204BF90500F49FD9 /* EpisodeDetailViewController.swift */,
				79A522AC204BF90500F49FD9 /* EpisodeDetailViewController.xib */,
			);
			path = Controllers;
			sourceTree = "<group>";
		};
		79C5855F20337C2900838B0F /* UIKitExtensions */ = {
			isa = PBXGroup;
			children = (
				79C5856020337C9500838B0F /* UIViewController+Additions.swift */,
			);
			path = UIKitExtensions;
			sourceTree = "<group>";
		};
		79C58566203381E300838B0F /* Domain */ = {
			isa = PBXGroup;
			children = (
				79ED269E202CF1C20041AD1E /* House.swift */,
				79ED26A2202CFDF50041AD1E /* Person.swift */,
				79C585642033819000838B0F /* Repository.swift */,
				79FA0BDD204B336B002EDB2C /* RepositorySeasons.swift */,
				79FA0BD9204B1439002EDB2C /* Seasons.swift */,
				79FA0BDB204B1527002EDB2C /* Episode.swift */,
			);
			path = Domain;
			sourceTree = "<group>";
		};
		79ED2670202CE4B90041AD1E = {
			isa = PBXGroup;
			children = (
				79ED267B202CE4B90041AD1E /* Westeros */,
				79ED2690202CE4B90041AD1E /* WesterosTests */,
				79ED267A202CE4B90041AD1E /* Products */,
			);
			sourceTree = "<group>";
		};
		79ED267A202CE4B90041AD1E /* Products */ = {
			isa = PBXGroup;
			children = (
				79ED2679202CE4B90041AD1E /* Westeros.app */,
				79ED268D202CE4B90041AD1E /* WesterosTests.xctest */,
			);
			name = Products;
			sourceTree = "<group>";
		};
		79ED267B202CE4B90041AD1E /* Westeros */ = {
			isa = PBXGroup;
			children = (
				79C5855F20337C2900838B0F /* UIKitExtensions */,
				79AE8B0220323AB100DB8ECE /* Controllers */,
				79C58566203381E300838B0F /* Domain */,
				79AE8AFD2032392200DB8ECE /* Assets */,
				79ED267C202CE4B90041AD1E /* AppDelegate.swift */,
				79ED2683202CE4B90041AD1E /* Assets.xcassets */,
				79ED2685202CE4B90041AD1E /* LaunchScreen.storyboard */,
				79ED2688202CE4B90041AD1E /* Info.plist */,
			);
			path = Westeros;
			sourceTree = "<group>";
		};
		79ED2690202CE4B90041AD1E /* WesterosTests */ = {
			isa = PBXGroup;
			children = (
				79ED2693202CE4B90041AD1E /* Info.plist */,
				79ED269C202CF00B0041AD1E /* HouseTests.swift */,
				79ED26A0202CFD860041AD1E /* PersonTests.swift */,
				79C585622033808400838B0F /* RepositoryTests.swift */,
				79A5229F204BF05F00F49FD9 /* EpisodeTests.swift */,
				79A522A1204BF09500F49FD9 /* SeasonsTests.swift */,
				79A522AF204BF9DB00F49FD9 /* RepositorySeasonsTest.swift */,
			);
			path = WesterosTests;
			sourceTree = "<group>";
		};
/* End PBXGroup section */

/* Begin PBXNativeTarget section */
		79ED2678202CE4B90041AD1E /* Westeros */ = {
			isa = PBXNativeTarget;
			buildConfigurationList = 79ED2696202CE4B90041AD1E /* Build configuration list for PBXNativeTarget "Westeros" */;
			buildPhases = (
				79ED2675202CE4B90041AD1E /* Sources */,
				79ED2676202CE4B90041AD1E /* Frameworks */,
				79ED2677202CE4B90041AD1E /* Resources */,
			);
			buildRules = (
			);
			dependencies = (
			);
			name = Westeros;
			productName = Westeros;
			productReference = 79ED2679202CE4B90041AD1E /* Westeros.app */;
			productType = "com.apple.product-type.application";
		};
		79ED268C202CE4B90041AD1E /* WesterosTests */ = {
			isa = PBXNativeTarget;
			buildConfigurationList = 79ED2699202CE4B90041AD1E /* Build configuration list for PBXNativeTarget "WesterosTests" */;
			buildPhases = (
				79ED2689202CE4B90041AD1E /* Sources */,
				79ED268A202CE4B90041AD1E /* Frameworks */,
				79ED268B202CE4B90041AD1E /* Resources */,
			);
			buildRules = (
			);
			dependencies = (
				79ED268F202CE4B90041AD1E /* PBXTargetDependency */,
			);
			name = WesterosTests;
			productName = WesterosTests;
			productReference = 79ED268D202CE4B90041AD1E /* WesterosTests.xctest */;
			productType = "com.apple.product-type.bundle.unit-test";
		};
/* End PBXNativeTarget section */

/* Begin PBXProject section */
		79ED2671202CE4B90041AD1E /* Project object */ = {
			isa = PBXProject;
			attributes = {
				LastSwiftUpdateCheck = 0920;
				LastUpgradeCheck = 0920;
				ORGANIZATIONNAME = "Josep Cristobal";
				TargetAttributes = {
					79ED2678202CE4B90041AD1E = {
						CreatedOnToolsVersion = 9.2;
						ProvisioningStyle = Automatic;
					};
					79ED268C202CE4B90041AD1E = {
						CreatedOnToolsVersion = 9.2;
						ProvisioningStyle = Automatic;
						TestTargetID = 79ED2678202CE4B90041AD1E;
					};
				};
			};
			buildConfigurationList = 79ED2674202CE4B90041AD1E /* Build configuration list for PBXProject "Westeros" */;
			compatibilityVersion = "Xcode 8.0";
			developmentRegion = en;
			hasScannedForEncodings = 0;
			knownRegions = (
				en,
				Base,
			);
			mainGroup = 79ED2670202CE4B90041AD1E;
			productRefGroup = 79ED267A202CE4B90041AD1E /* Products */;
			projectDirPath = "";
			projectRoot = "";
			targets = (
				79ED2678202CE4B90041AD1E /* Westeros */,
				79ED268C202CE4B90041AD1E /* WesterosTests */,
			);
		};
/* End PBXProject section */

/* Begin PBXResourcesBuildPhase section */
		79ED2677202CE4B90041AD1E /* Resources */ = {
			isa = PBXResourcesBuildPhase;
			buildActionMask = 2147483647;
			files = (
				79AE8AFA203238BC00DB8ECE /* codeIsComing.png in Resources */,
				79AF28AF20362B9100E1BDB2 /* WikiViewController.xib in Resources */,
				79ED2687202CE4B90041AD1E /* LaunchScreen.storyboard in Resources */,
				79AF28B72036456100E1BDB2 /* HouseViewListController.xib in Resources */,
				79A522A6204BF81600F49FD9 /* EpisodeListViewController.xib in Resources */,
				79EA6AD7203B68C500C662C9 /* MemberListViewController.xib in Resources */,
				79A522AA204BF88500F49FD9 /* SeasonDetailViewController.xib in Resources */,
				79FA0BE2204B5F4F002EDB2C /* SeasonListViewController.xib in Resources */,
				79AE8B0120323A8900DB8ECE /* HouseDetailViewController.xib in Resources */,
				79AE8AFC203238BC00DB8ECE /* lannister.jpg in Resources */,
				79A522AE204BF90500F49FD9 /* EpisodeDetailViewController.xib in Resources */,
				79ED2684202CE4B90041AD1E /* Assets.xcassets in Resources */,
				79AE8AFB203238BC00DB8ECE /* targaryenSmall.jpg in Resources */,
			);
			runOnlyForDeploymentPostprocessing = 0;
		};
		79ED268B202CE4B90041AD1E /* Resources */ = {
			isa = PBXResourcesBuildPhase;
			buildActionMask = 2147483647;
			files = (
			);
			runOnlyForDeploymentPostprocessing = 0;
		};
/* End PBXResourcesBuildPhase section */

/* Begin PBXSourcesBuildPhase section */
		79ED2675202CE4B90041AD1E /* Sources */ = {
			isa = PBXSourcesBuildPhase;
			buildActionMask = 2147483647;
			files = (
				79ED26A3202CFDF50041AD1E /* Person.swift in Sources */,
				79ED269F202CF1C20041AD1E /* House.swift in Sources */,
				79FA0BDA204B1439002EDB2C /* Seasons.swift in Sources */,
				79AE8B0020323A8900DB8ECE /* HouseDetailViewController.swift in Sources */,
				79C5856120337C9500838B0F /* UIViewController+Additions.swift in Sources */,
				79A522AD204BF90500F49FD9 /* EpisodeDetailViewController.swift in Sources */,
				79FA0BDC204B1527002EDB2C /* Episode.swift in Sources */,
				79ED267D202CE4B90041AD1E /* AppDelegate.swift in Sources */,
				79C585652033819000838B0F /* Repository.swift in Sources */,
				79A522A9204BF88500F49FD9 /* SeasonDetailViewController.swift in Sources */,
				79A522A5204BF81600F49FD9 /* EpisodeListViewController.swift in Sources */,
				79AF28AE20362B9100E1BDB2 /* WikiViewController.swift in Sources */,
				79AF28B62036456100E1BDB2 /* HouseViewListController.swift in Sources */,
				79FA0BDE204B336B002EDB2C /* RepositorySeasons.swift in Sources */,
				79FA0BE1204B5F4F002EDB2C /* SeasonListViewController.swift in Sources */,
				79EA6AD6203B68C500C662C9 /* MemberListViewController.swift in Sources */,
			);
			runOnlyForDeploymentPostprocessing = 0;
		};
		79ED2689202CE4B90041AD1E /* Sources */ = {
			isa = PBXSourcesBuildPhase;
			buildActionMask = 2147483647;
			files = (
				79ED269D202CF00B0041AD1E /* HouseTests.swift in Sources */,
				79C585632033808400838B0F /* RepositoryTests.swift in Sources */,
				79A522A2204BF09500F49FD9 /* SeasonsTests.swift in Sources */,
				79A522A0204BF05F00F49FD9 /* EpisodeTests.swift in Sources */,
				79A522B0204BF9DB00F49FD9 /* RepositorySeasonsTest.swift in Sources */,
				79ED26A1202CFD860041AD1E /* PersonTests.swift in Sources */,
			);
			runOnlyForDeploymentPostprocessing = 0;
		};
/* End PBXSourcesBuildPhase section */

/* Begin PBXTargetDependency section */
		79ED268F202CE4B90041AD1E /* PBXTargetDependency */ = {
			isa = PBXTargetDependency;
			target = 79ED2678202CE4B90041AD1E /* Westeros */;
			targetProxy = 79ED268E202CE4B90041AD1E /* PBXContainerItemProxy */;
		};
/* End PBXTargetDependency section */

/* Begin PBXVariantGroup section */
		79ED2685202CE4B90041AD1E /* LaunchScreen.storyboard */ = {
			isa = PBXVariantGroup;
			children = (
				79ED2686202CE4B90041AD1E /* Base */,
			);
			name = LaunchScreen.storyboard;
			sourceTree = "<group>";
		};
/* End PBXVariantGroup section */

/* Begin XCBuildConfiguration section */
		79ED2694202CE4B90041AD1E /* Debug */ = {
			isa = XCBuildConfiguration;
			buildSettings = {
				ALWAYS_SEARCH_USER_PATHS = NO;
				CLANG_ANALYZER_NONNULL = YES;
				CLANG_ANALYZER_NUMBER_OBJECT_CONVERSION = YES_AGGRESSIVE;
				CLANG_CXX_LANGUAGE_STANDARD = "gnu++14";
				CLANG_CXX_LIBRARY = "libc++";
				CLANG_ENABLE_MODULES = YES;
				CLANG_ENABLE_OBJC_ARC = YES;
				CLANG_WARN_BLOCK_CAPTURE_AUTORELEASING = YES;
				CLANG_WARN_BOOL_CONVERSION = YES;
				CLANG_WARN_COMMA = YES;
				CLANG_WARN_CONSTANT_CONVERSION = YES;
				CLANG_WARN_DIRECT_OBJC_ISA_USAGE = YES_ERROR;
				CLANG_WARN_DOCUMENTATION_COMMENTS = YES;
				CLANG_WARN_EMPTY_BODY = YES;
				CLANG_WARN_ENUM_CONVERSION = YES;
				CLANG_WARN_INFINITE_RECURSION = YES;
				CLANG_WARN_INT_CONVERSION = YES;
				CLANG_WARN_NON_LITERAL_NULL_CONVERSION = YES;
				CLANG_WARN_OBJC_LITERAL_CONVERSION = YES;
				CLANG_WARN_OBJC_ROOT_CLASS = YES_ERROR;
				CLANG_WARN_RANGE_LOOP_ANALYSIS = YES;
				CLANG_WARN_STRICT_PROTOTYPES = YES;
				CLANG_WARN_SUSPICIOUS_MOVE = YES;
				CLANG_WARN_UNGUARDED_AVAILABILITY = YES_AGGRESSIVE;
				CLANG_WARN_UNREACHABLE_CODE = YES;
				CLANG_WARN__DUPLICATE_METHOD_MATCH = YES;
				CODE_SIGN_IDENTITY = "iPhone Developer";
				COPY_PHASE_STRIP = NO;
				DEBUG_INFORMATION_FORMAT = dwarf;
				ENABLE_STRICT_OBJC_MSGSEND = YES;
				ENABLE_TESTABILITY = YES;
				GCC_C_LANGUAGE_STANDARD = gnu11;
				GCC_DYNAMIC_NO_PIC = NO;
				GCC_NO_COMMON_BLOCKS = YES;
				GCC_OPTIMIZATION_LEVEL = 0;
				GCC_PREPROCESSOR_DEFINITIONS = (
					"DEBUG=1",
					"$(inherited)",
				);
				GCC_WARN_64_TO_32_BIT_CONVERSION = YES;
				GCC_WARN_ABOUT_RETURN_TYPE = YES_ERROR;
				GCC_WARN_UNDECLARED_SELECTOR = YES;
				GCC_WARN_UNINITIALIZED_AUTOS = YES_AGGRESSIVE;
				GCC_WARN_UNUSED_FUNCTION = YES;
				GCC_WARN_UNUSED_VARIABLE = YES;
				IPHONEOS_DEPLOYMENT_TARGET = 11.2;
				MTL_ENABLE_DEBUG_INFO = YES;
				ONLY_ACTIVE_ARCH = YES;
				SDKROOT = iphoneos;
				SWIFT_ACTIVE_COMPILATION_CONDITIONS = DEBUG;
				SWIFT_OPTIMIZATION_LEVEL = "-Onone";
			};
			name = Debug;
		};
		79ED2695202CE4B90041AD1E /* Release */ = {
			isa = XCBuildConfiguration;
			buildSettings = {
				ALWAYS_SEARCH_USER_PATHS = NO;
				CLANG_ANALYZER_NONNULL = YES;
				CLANG_ANALYZER_NUMBER_OBJECT_CONVERSION = YES_AGGRESSIVE;
				CLANG_CXX_LANGUAGE_STANDARD = "gnu++14";
				CLANG_CXX_LIBRARY = "libc++";
				CLANG_ENABLE_MODULES = YES;
				CLANG_ENABLE_OBJC_ARC = YES;
				CLANG_WARN_BLOCK_CAPTURE_AUTORELEASING = YES;
				CLANG_WARN_BOOL_CONVERSION = YES;
				CLANG_WARN_COMMA = YES;
				CLANG_WARN_CONSTANT_CONVERSION = YES;
				CLANG_WARN_DIRECT_OBJC_ISA_USAGE = YES_ERROR;
				CLANG_WARN_DOCUMENTATION_COMMENTS = YES;
				CLANG_WARN_EMPTY_BODY = YES;
				CLANG_WARN_ENUM_CONVERSION = YES;
				CLANG_WARN_INFINITE_RECURSION = YES;
				CLANG_WARN_INT_CONVERSION = YES;
				CLANG_WARN_NON_LITERAL_NULL_CONVERSION = YES;
				CLANG_WARN_OBJC_LITERAL_CONVERSION = YES;
				CLANG_WARN_OBJC_ROOT_CLASS = YES_ERROR;
				CLANG_WARN_RANGE_LOOP_ANALYSIS = YES;
				CLANG_WARN_STRICT_PROTOTYPES = YES;
				CLANG_WARN_SUSPICIOUS_MOVE = YES;
				CLANG_WARN_UNGUARDED_AVAILABILITY = YES_AGGRESSIVE;
				CLANG_WARN_UNREACHABLE_CODE = YES;
				CLANG_WARN__DUPLICATE_METHOD_MATCH = YES;
				CODE_SIGN_IDENTITY = "iPhone Developer";
				COPY_PHASE_STRIP = NO;
				DEBUG_INFORMATION_FORMAT = "dwarf-with-dsym";
				ENABLE_NS_ASSERTIONS = NO;
				ENABLE_STRICT_OBJC_MSGSEND = YES;
				GCC_C_LANGUAGE_STANDARD = gnu11;
				GCC_NO_COMMON_BLOCKS = YES;
				GCC_WARN_64_TO_32_BIT_CONVERSION = YES;
				GCC_WARN_ABOUT_RETURN_TYPE = YES_ERROR;
				GCC_WARN_UNDECLARED_SELECTOR = YES;
				GCC_WARN_UNINITIALIZED_AUTOS = YES_AGGRESSIVE;
				GCC_WARN_UNUSED_FUNCTION = YES;
				GCC_WARN_UNUSED_VARIABLE = YES;
				IPHONEOS_DEPLOYMENT_TARGET = 11.2;
				MTL_ENABLE_DEBUG_INFO = NO;
				SDKROOT = iphoneos;
				SWIFT_OPTIMIZATION_LEVEL = "-Owholemodule";
				VALIDATE_PRODUCT = YES;
			};
			name = Release;
		};
		79ED2697202CE4B90041AD1E /* Debug */ = {
			isa = XCBuildConfiguration;
			buildSettings = {
				ASSETCATALOG_COMPILER_APPICON_NAME = AppIcon;
				CODE_SIGN_STYLE = Automatic;
				DEVELOPMENT_TEAM = 33W2XLA9ZF;
				INFOPLIST_FILE = Westeros/Info.plist;
				LD_RUNPATH_SEARCH_PATHS = "$(inherited) @executable_path/Frameworks";
				PRODUCT_BUNDLE_IDENTIFIER = com.josep.Westeros;
				PRODUCT_NAME = "$(TARGET_NAME)";
				SWIFT_VERSION = 4.0;
				TARGETED_DEVICE_FAMILY = "1,2";
			};
			name = Debug;
		};
		79ED2698202CE4B90041AD1E /* Release */ = {
			isa = XCBuildConfiguration;
			buildSettings = {
				ASSETCATALOG_COMPILER_APPICON_NAME = AppIcon;
				CODE_SIGN_STYLE = Automatic;
				DEVELOPMENT_TEAM = 33W2XLA9ZF;
				INFOPLIST_FILE = Westeros/Info.plist;
				LD_RUNPATH_SEARCH_PATHS = "$(inherited) @executable_path/Frameworks";
				PRODUCT_BUNDLE_IDENTIFIER = com.josep.Westeros;
				PRODUCT_NAME = "$(TARGET_NAME)";
				SWIFT_VERSION = 4.0;
				TARGETED_DEVICE_FAMILY = "1,2";
			};
			name = Release;
		};
		79ED269A202CE4B90041AD1E /* Debug */ = {
			isa = XCBuildConfiguration;
			buildSettings = {
				ALWAYS_EMBED_SWIFT_STANDARD_LIBRARIES = YES;
				BUNDLE_LOADER = "$(TEST_HOST)";
				CODE_SIGN_STYLE = Automatic;
				DEVELOPMENT_TEAM = 33W2XLA9ZF;
				INFOPLIST_FILE = WesterosTests/Info.plist;
				LD_RUNPATH_SEARCH_PATHS = "$(inherited) @executable_path/Frameworks @loader_path/Frameworks";
				PRODUCT_BUNDLE_IDENTIFIER = com.josep.WesterosTests;
				PRODUCT_NAME = "$(TARGET_NAME)";
				SWIFT_VERSION = 4.0;
				TARGETED_DEVICE_FAMILY = "1,2";
				TEST_HOST = "$(BUILT_PRODUCTS_DIR)/Westeros.app/Westeros";
			};
			name = Debug;
		};
		79ED269B202CE4B90041AD1E /* Release */ = {
			isa = XCBuildConfiguration;
			buildSettings = {
				ALWAYS_EMBED_SWIFT_STANDARD_LIBRARIES = YES;
				BUNDLE_LOADER = "$(TEST_HOST)";
				CODE_SIGN_STYLE = Automatic;
				DEVELOPMENT_TEAM = 33W2XLA9ZF;
				INFOPLIST_FILE = WesterosTests/Info.plist;
				LD_RUNPATH_SEARCH_PATHS = "$(inherited) @executable_path/Frameworks @loader_path/Frameworks";
				PRODUCT_BUNDLE_IDENTIFIER = com.josep.WesterosTests;
				PRODUCT_NAME = "$(TARGET_NAME)";
				SWIFT_VERSION = 4.0;
				TARGETED_DEVICE_FAMILY = "1,2";
				TEST_HOST = "$(BUILT_PRODUCTS_DIR)/Westeros.app/Westeros";
			};
			name = Release;
		};
/* End XCBuildConfiguration section */

/* Begin XCConfigurationList section */
		79ED2674202CE4B90041AD1E /* Build configuration list for PBXProject "Westeros" */ = {
			isa = XCConfigurationList;
			buildConfigurations = (
				79ED2694202CE4B90041AD1E /* Debug */,
				79ED2695202CE4B90041AD1E /* Release */,
			);
			defaultConfigurationIsVisible = 0;
			defaultConfigurationName = Release;
		};
		79ED2696202CE4B90041AD1E /* Build configuration list for PBXNativeTarget "Westeros" */ = {
			isa = XCConfigurationList;
			buildConfigurations = (
				79ED2697202CE4B90041AD1E /* Debug */,
				79ED2698202CE4B90041AD1E /* Release */,
			);
			defaultConfigurationIsVisible = 0;
			defaultConfigurationName = Release;
		};
		79ED2699202CE4B90041AD1E /* Build configuration list for PBXNativeTarget "WesterosTests" */ = {
			isa = XCConfigurationList;
			buildConfigurations = (
				79ED269A202CE4B90041AD1E /* Debug */,
				79ED269B202CE4B90041AD1E /* Release */,
			);
			defaultConfigurationIsVisible = 0;
			defaultConfigurationName = Release;
		};
/* End XCConfigurationList section */
	};
	rootObject = 79ED2671202CE4B90041AD1E /* Project object */;
}
